
Microsoft Visual Studio Solution File, Format Version 12.00
# Visual Studio Version 17
VisualStudioVersion = 17.1.32328.378
MinimumVisualStudioVersion = 10.0.40219.1
Project("{FAE04EC0-301F-11D3-BF4B-00C04F79EFBC}") = "NetCoreHelloWorldDocker", "NetCoreHelloWorldDocker\NetCoreHelloWorldDocker.csproj", "{75241CE4-AC30-4971-B477-19C896CC6E5E}"
EndProject
Global
	GlobalSection(SolutionConfigurationPlatforms) = preSolution
		Debug|Any CPU = Debug|Any CPU
		Release|Any CPU = Release|Any CPU
	EndGlobalSection
	GlobalSection(ProjectConfigurationPlatforms) = postSolution
		{75241CE4-AC30-4971-B477-19C896CC6E5E}.Debug|Any CPU.ActiveCfg = Debug|Any CPU
		{75241CE4-AC30-4971-B477-19C896CC6E5E}.Debug|Any CPU.Build.0 = Debug|Any CPU
		{75241CE4-AC30-4971-B477-19C896CC6E5E}.Release|Any CPU.ActiveCfg = Release|Any CPU
		{75241CE4-AC30-4971-B477-19C896CC6E5E}.Release|Any CPU.Build.0 = Release|Any CPU
	EndGlobalSection
	GlobalSection(SolutionProperties) = preSolution
		HideSolutionNode = FALSE
	EndGlobalSection
	GlobalSection(ExtensibilityGlobals) = postSolution
		SolutionGuid = {66ED1F93-0280-49FB-B42E-B03FCE2D325C}
	EndGlobalSection
EndGlobal
